PODS:
  - AMap3DMap (4.4.1):
    - AMapFoundation (~> 1.3)
  - AMapFoundation (1.3.2)
  - AMapSearch (4.4.0):
    - AMapFoundation (~> 1.2)

DEPENDENCIES:
  - AMap3DMap
  - AMapSearch

SPEC CHECKSUMS:
  AMap3DMap: a46189dbf185d498e452294d7f600c20af0486af
  AMapFoundation: 843dc27b2c02bc0bc2ef3346bb3dd0456cf64dbb
  AMapSearch: a6c7c83905dbe12aa059c7ff83cb0726cb4fc32f

PODFILE CHECKSUM: 31e79acaee9f1c5bd05a043dbb1fe3ca09c4d282

COCOAPODS: 1.1.1
